// !$*UTF8*$!
{
	archiveVersion = 1;
	classes = {
	};
	objectVersion = 77;
	objects = {

/* Begin PBXContainerItemProxy section */
		8C77ECFB2FDAB05B000DC23A /* PBXContainerItemProxy */ = {
			isa = PBXContainerItemProxy;
			containerPortal = 8C77ECE52FDAB059000DC23A /* Project object */;
			proxyType = 1;
			remoteGlobalIDString = 8C77ECEC2FDAB059000DC23A;
			remoteInfo = "maps widget";
		};
		8C77ED052FDAB05B000DC23A /* PBXContainerItemProxy */ = {
			isa = PBXContainerItemProxy;
			containerPortal = 8C77ECE52FDAB059000DC23A /* Project object */;
			proxyType = 1;
			remoteGlobalIDString = 8C77ECEC2FDAB059000DC23A;
			remoteInfo = "maps widget";
		};
/* End PBXContainerItemProxy section */

/* Begin PBXFileReference section */
		8C77ECED2FDAB059000DC23A /* maps widget.app */ = {isa = PBXFileReference; explicitFileType = wrapper.application; includeInIndex = 0; path = "maps widget.app"; sourceTree = BUILT_PRODUCTS_DIR; };
		8C77ECFA2FDAB05B000DC23A /* maps widgetTests.xctest */ = {isa = PBXFileReference; explicitFileType = wrapper.cfbundle; includeInIndex = 0; path = "maps widgetTests.xctest"; sourceTree = BUILT_PRODUCTS_DIR; };
		8C77ED042FDAB05B000DC23A /* maps widgetUITests.xctest */ = {isa = PBXFileReference; explicitFileType = wrapper.cfbundle; includeInIndex = 0; path = "maps widgetUITests.xctest"; sourceTree = BUILT_PRODUCTS_DIR; };
/* End PBXFileReference section */

/* Begin PBXFileSystemSynchronizedRootGroup section */
		8C77ECEF2FDAB059000DC23A /* maps widget */ = {
			isa = PBXFileSystemSynchronizedRootGroup;
			path = "maps widget";
			sourceTree = "<group>";
		};
		8C77ECFD2FDAB05B000DC23A /* maps widgetTests */ = {
			isa = PBXFileSystemSynchronizedRootGroup;
			path = "maps widgetTests";
			sourceTree = "<group>";
		};
		8C77ED072FDAB05B000DC23A /* maps widgetUITests */ = {
			isa = PBXFileSystemSynchronizedRootGroup;
			path = "maps widgetUITests";
			sourceTree = "<group>";
		};
/* End PBXFileSystemSynchronizedRootGroup section */

/* Begin PBXFrameworksBuildPhase section */
		8C77ECEA2FDAB059000DC23A /* Frameworks */ = {
			isa = PBXFrameworksBuildPhase;
			buildActionMask = 2147483647;
			files = (
			);
			runOnlyForDeploymentPostprocessing = 0;
		};
		8C77ECF72FDAB05B000DC23A /* Frameworks */ = {
			isa = PBXFrameworksBuildPhase;
			buildActionMask = 2147483647;
			files = (
			);
			runOnlyForDeploymentPostprocessing = 0;
		};
		8C77ED012FDAB05B000DC23A /* Frameworks */ = {
			isa = PBXFrameworksBuildPhase;
			buildActionMask = 2147483647;
			files = (
			);
			runOnlyForDeploymentPostprocessing = 0;
		};
/* End PBXFrameworksBuildPhase section */

/* Begin PBXGroup section */
		8C77ECE42FDAB059000DC23A = {
			isa = PBXGroup;
			children = (
				8C77ECEF2FDAB059000DC23A /* maps widget */,
				8C77ECFD2FDAB05B000DC23A /* maps widgetTests */,
				8C77ED072FDAB05B000DC23A /* maps widgetUITests */,
				8C77ECEE2FDAB059000DC23A /* Products */,
			);
			sourceTree = "<group>";
		};
		8C77ECEE2FDAB059000DC23A /* Products */ = {
			isa = PBXGroup;
			children = (
				8C77ECED2FDAB059000DC23A /* maps widget.app */,
				8C77ECFA2FDAB05B000DC23A /* maps widgetTests.xctest */,
				8C77ED042FDAB05B000DC23A /* maps widgetUITests.xctest */,
			);
			name = Products;
			sourceTree = "<group>";
		};
/* End PBXGroup section */

/* Begin PBXNativeTarget section */
		8C77ECEC2FDAB059000DC23A /* maps widget */ = {
			isa = PBXNativeTarget;
			buildConfigurationList = 8C77ED0E2FDAB05B000DC23A /* Build configuration list for PBXNativeTarget "maps widget" */;
			buildPhases = (
				8C77ECE92FDAB059000DC23A /* Sources */,
				8C77ECEA2FDAB059000DC23A /* Frameworks */,
				8C77ECEB2FDAB059000DC23A /* Resources */,
			);
			buildRules = (
			);
			dependencies = (
			);
			fileSystemSynchronizedGroups = (
				8C77ECEF2FDAB059000DC23A /* maps widget */,
			);
			name = "maps widget";
			packageProductDependencies = (
			);
			productName = "maps widget";
			productReference = 8C77ECED2FDAB059000DC23A /* maps widget.app */;
			productType = "com.apple.product-type.application";
		};
		8C77ECF92FDAB05B000DC23A /* maps widgetTests */ = {
			isa = PBXNativeTarget;
			buildConfigurationList = 8C77ED112FDAB05B000DC23A /* Build configuration list for PBXNativeTarget "maps widgetTests" */;
			buildPhases = (
				8C77ECF62FDAB05B000DC23A /* Sources */,
				8C77ECF72FDAB05B000DC23A /* Frameworks */,
				8C77ECF82FDAB05B000DC23A /* Resources */,
			);
			buildRules = (
			);
			dependencies = (
				8C77ECFC2FDAB05B000DC23A /* PBXTargetDependency */,
			);
			fileSystemSynchronizedGroups = (
				8C77ECFD2FDAB05B000DC23A /* maps widgetTests */,
			);
			name = "maps widgetTests";
			packageProductDependencies = (
			);
			productName = "maps widgetTests";
			productReference = 8C77ECFA2FDAB05B000DC23A /* maps widgetTests.xctest */;
			productType = "com.apple.product-type.bundle.unit-test";
		};
		8C77ED032FDAB05B000DC23A /* maps widgetUITests */ = {
			isa = PBXNativeTarget;
			buildConfigurationList = 8C77ED142FDAB05B000DC23A /* Build configuration list for PBXNativeTarget "maps widgetUITests" */;
			buildPhases = (
				8C77ED002FDAB05B000DC23A /* Sources */,
				8C77ED012FDAB05B000DC23A /* Frameworks */,
				8C77ED022FDAB05B000DC23A /* Resources */,
			);
			buildRules = (
			);
			dependencies = (
				8C77ED062FDAB05B000DC23A /* PBXTargetDependency */,
			);
			fileSystemSynchronizedGroups = (
				8C77ED072FDAB05B000DC23A /* maps widgetUITests */,
			);
			name = "maps widgetUITests";
			packageProductDependencies = (
			);
			productName = "maps widgetUITests";
			productReference = 8C77ED042FDAB05B000DC23A /* maps widgetUITests.xctest */;
			productType = "com.apple.product-type.bundle.ui-testing";
		};
/* End PBXNativeTarget section */

/* Begin PBXProject section */
		8C77ECE52FDAB059000DC23A /* Project object */ = {
			isa = PBXProject;
			attributes = {
				BuildIndependentTargetsInParallel = 1;
				LastSwiftUpdateCheck = 2650;
				LastUpgradeCheck = 2650;
				TargetAttributes = {
					8C77ECEC2FDAB059000DC23A = {
						CreatedOnToolsVersion = 26.5;
					};
					8C77ECF92FDAB05B000DC23A = {
						CreatedOnToolsVersion = 26.5;
						TestTargetID = 8C77ECEC2FDAB059000DC23A;
					};
					8C77ED032FDAB05B000DC23A = {
						CreatedOnToolsVersion = 26.5;
						TestTargetID = 8C77ECEC2FDAB059000DC23A;
					};
				};
			};
			buildConfigurationList = 8C77ECE82FDAB059000DC23A /* Build configuration list for PBXProject "maps widget" */;
			developmentRegion = en;
			hasScannedForEncodings = 0;
			knownRegions = (
				en,
				Base,
			);
			mainGroup = 8C77ECE42FDAB059000DC23A;
			minimizedProjectReferenceProxies = 1;
			preferredProjectObjectVersion = 77;
			productRefGroup = 8C77ECEE2FDAB059000DC23A /* Products */;
			projectDirPath = "";
			projectRoot = "";
			targets = (
				8C77ECEC2FDAB059000DC23A /* maps widget */,
				8C77ECF92FDAB05B000DC23A /* maps widgetTests */,
				8C77ED032FDAB05B000DC23A /* maps widgetUITests */,
			);
		};
/* End PBXProject section */

/* Begin PBXResourcesBuildPhase section */
		8C77ECEB2FDAB059000DC23A /* Resources */ = {
			isa = PBXResourcesBuildPhase;
			buildActionMask = 2147483647;
			files = (
			);
			runOnlyForDeploymentPostprocessing = 0;
		};
		8C77ECF82FDAB05B000DC23A /* Resources */ = {
			isa = PBXResourcesBuildPhase;
			buildActionMask = 2147483647;
			files = (
			);
			runOnlyForDeploymentPostprocessing = 0;
		};
		8C77ED022FDAB05B000DC23A /* Resources */ = {
			isa = PBXResourcesBuildPhase;
			buildActionMask = 2147483647;
			files = (
			);
			runOnlyForDeploymentPostprocessing = 0;
		};
/* End PBXResourcesBuildPhase section */

/* Begin PBXSourcesBuildPhase section */
		8C77ECE92FDAB059000DC23A /* Sources */ = {
			isa = PBXSourcesBuildPhase;
			buildActionMask = 2147483647;
			files = (
			);
			runOnlyForDeploymentPostprocessing = 0;
		};
		8C77ECF62FDAB05B000DC23A /* Sources */ = {
			isa = PBXSourcesBuildPhase;
			buildActionMask = 2147483647;
			files = (
			);
			runOnlyForDeploymentPostprocessing = 0;
		};
		8C77ED002FDAB05B000DC23A /* Sources */ = {
			isa = PBXSourcesBuildPhase;
			buildActionMask = 2147483647;
			files = (
			);
			runOnlyForDeploymentPostprocessing = 0;
		};
/* End PBXSourcesBuildPhase section */

/* Begin PBXTargetDependency section */
		8C77ECFC2FDAB05B000DC23A /* PBXTargetDependency */ = {
			isa = PBXTargetDependency;
			target = 8C77ECEC2FDAB059000DC23A /* maps widget */;
			targetProxy = 8C77ECFB2FDAB05B000DC23A /* PBXContainerItemProxy */;
		};
		8C77ED062FDAB05B000DC23A /* PBXTargetDependency */ = {
			isa = PBXTargetDependency;
			target = 8C77ECEC2FDAB059000DC23A /* maps widget */;
			targetProxy = 8C77ED052FDAB05B000DC23A /* PBXContainerItemProxy */;
		};
/* End PBXTargetDependency section */

/* Begin XCBuildConfiguration section */
		8C77ED0C2FDAB05B000DC23A /* Debug */ = {
			isa = XCBuildConfiguration;
			buildSettings = {
				ALWAYS_SEARCH_USER_PATHS = NO;
				ASSETCATALOG_COMPILER_GENERATE_SWIFT_ASSET_SYMBOL_EXTENSIONS = YES;
				CLANG_ANALYZER_NONNULL = YES;
				CLANG_ANALYZER_NUMBER_OBJECT_CONVERSION = YES_AGGRESSIVE;
				CLANG_CXX_LANGUAGE_STANDARD = "gnu++20";
				CLANG_ENABLE_MODULES = YES;
				CLANG_ENABLE_OBJC_ARC = YES;
				CLANG_ENABLE_OBJC_WEAK = YES;
				CLANG_WARN_BLOCK_CAPTURE_AUTORELEASING = YES;
				CLANG_WARN_BOOL_CONVERSION = YES;
				CLANG_WARN_COMMA = YES;
				CLANG_WARN_CONSTANT_CONVERSION = YES;
				CLANG_WARN_DEPRECATED_OBJC_IMPLEMENTATIONS = YES;
				CLANG_WARN_DIRECT_OBJC_ISA_USAGE = YES_ERROR;
				CLANG_WARN_DOCUMENTATION_COMMENTS = YES;
				CLANG_WARN_EMPTY_BODY = YES;
				CLANG_WARN_ENUM_CONVERSION = YES;
				CLANG_WARN_INFINITE_RECURSION = YES;
				CLANG_WARN_INT_CONVERSION = YES;
				CLANG_WARN_NON_LITERAL_NULL_CONVERSION = YES;
				CLANG_WARN_OBJC_IMPLICIT_RETAIN_SELF = YES;
				CLANG_WARN_OBJC_LITERAL_CONVERSION = YES;
				CLANG_WARN_OBJC_ROOT_CLASS = YES_ERROR;
				CLANG_WARN_QUOTED_INCLUDE_IN_FRAMEWORK_HEADER = YES;
				CLANG_WARN_RANGE_LOOP_ANALYSIS = YES;
				CLANG_WARN_STRICT_PROTOTYPES = YES;
				CLANG_WARN_SUSPICIOUS_MOVE = YES;
				CLANG_WARN_UNGUARDED_AVAILABILITY = YES_AGGRESSIVE;
				CLANG_WARN_UNREACHABLE_CODE = YES;
				CLANG_WARN__DUPLICATE_METHOD_MATCH = YES;
				COPY_PHASE_STRIP = NO;
				DEBUG_INFORMATION_FORMAT = dwarf;
				ENABLE_STRICT_OBJC_MSGSEND = YES;
				ENABLE_TESTABILITY = YES;
				ENABLE_USER_SCRIPT_SANDBOXING = YES;
				GCC_C_LANGUAGE_STANDARD = gnu17;
				GCC_DYNAMIC_NO_PIC = NO;
				GCC_NO_COMMON_BLOCKS = YES;
				GCC_OPTIMIZATION_LEVEL = 0;
				GCC_PREPROCESSOR_DEFINITIONS = (
					"DEBUG=1",
					"$(inherited)",
				);
				GCC_WARN_64_TO_32_BIT_CONVERSION = YES;
				GCC_WARN_ABOUT_RETURN_TYPE = YES_ERROR;
				GCC_WARN_UNDECLARED_SELECTOR = YES;
				GCC_WARN_UNINITIALIZED_AUTOS = YES_AGGRESSIVE;
				GCC_WARN_UNUSED_FUNCTION = YES;
				GCC_WARN_UNUSED_VARIABLE = YES;
				LOCALIZATION_PREFERS_STRING_CATALOGS = YES;
				MACOSX_DEPLOYMENT_TARGET = 26.5;
				MTL_ENABLE_DEBUG_INFO = INCLUDE_SOURCE;
				MTL_FAST_MATH = YES;
				ONLY_ACTIVE_ARCH = YES;
				SDKROOT = macosx;
				SWIFT_ACTIVE_COMPILATION_CONDITIONS = "DEBUG $(inherited)";
				SWIFT_OPTIMIZATION_LEVEL = "-Onone";
			};
			name = Debug;
		};
		8C77ED0D2FDAB05B000DC23A /* Release */ = {
			isa = XCBuildConfiguration;
			buildSettings = {
				ALWAYS_SEARCH_USER_PATHS = NO;
				ASSETCATALOG_COMPILER_GENERATE_SWIFT_ASSET_SYMBOL_EXTENSIONS = YES;
				CLANG_ANALYZER_NONNULL = YES;
				CLANG_ANALYZER_NUMBER_OBJECT_CONVERSION = YES_AGGRESSIVE;
				CLANG_CXX_LANGUAGE_STANDARD = "gnu++20";
				CLANG_ENABLE_MODULES = YES;
				CLANG_ENABLE_OBJC_ARC = YES;
				CLANG_ENABLE_OBJC_WEAK = YES;
				CLANG_WARN_BLOCK_CAPTURE_AUTORELEASING = YES;
				CLANG_WARN_BOOL_CONVERSION = YES;
				CLANG_WARN_COMMA = YES;
				CLANG_WARN_CONSTANT_CONVERSION = YES;
				CLANG_WARN_DEPRECATED_OBJC_IMPLEMENTATIONS = YES;
				CLANG_WARN_DIRECT_OBJC_ISA_USAGE = YES_ERROR;
				CLANG_WARN_DOCUMENTATION_COMMENTS = YES;
				CLANG_WARN_EMPTY_BODY = YES;
				CLANG_WARN_ENUM_CONVERSION = YES;
				CLANG_WARN_INFINITE_RECURSION = YES;
				CLANG_WARN_INT_CONVERSION = YES;
				CLANG_WARN_NON_LITERAL_NULL_CONVERSION = YES;
				CLANG_WARN_OBJC_IMPLICIT_RETAIN_SELF = YES;
				CLANG_WARN_OBJC_LITERAL_CONVERSION = YES;
				CLANG_WARN_OBJC_ROOT_CLASS = YES_ERROR;
				CLANG_WARN_QUOTED_INCLUDE_IN_FRAMEWORK_HEADER = YES;
				CLANG_WARN_RANGE_LOOP_ANALYSIS = YES;
				CLANG_WARN_STRICT_PROTOTYPES = YES;
				CLANG_WARN_SUSPICIOUS_MOVE = YES;
				CLANG_WARN_UNGUARDED_AVAILABILITY = YES_AGGRESSIVE;
				CLANG_WARN_UNREACHABLE_CODE = YES;
				CLANG_WARN__DUPLICATE_METHOD_MATCH = YES;
				COPY_PHASE_STRIP = NO;
				DEBUG_INFORMATION_FORMAT = "dwarf-with-dsym";
				ENABLE_NS_ASSERTIONS = NO;
				ENABLE_STRICT_OBJC_MSGSEND = YES;
				ENABLE_USER_SCRIPT_SANDBOXING = YES;
				GCC_C_LANGUAGE_STANDARD = gnu17;
				GCC_NO_COMMON_BLOCKS = YES;
				GCC_WARN_64_TO_32_BIT_CONVERSION = YES;
				GCC_WARN_ABOUT_RETURN_TYPE = YES_ERROR;
				GCC_WARN_UNDECLARED_SELECTOR = YES;
				GCC_WARN_UNINITIALIZED_AUTOS = YES_AGGRESSIVE;
				GCC_WARN_UNUSED_FUNCTION = YES;
				GCC_WARN_UNUSED_VARIABLE = YES;
				LOCALIZATION_PREFERS_STRING_CATALOGS = YES;
				MACOSX_DEPLOYMENT_TARGET = 26.5;
				MTL_ENABLE_DEBUG_INFO = NO;
				MTL_FAST_MATH = YES;
				SDKROOT = macosx;
				SWIFT_COMPILATION_MODE = wholemodule;
			};
			name = Release;
		};
		8C77ED0F2FDAB05B000DC23A /* Debug */ = {
			isa = XCBuildConfiguration;
			buildSettings = {
				ASSETCATALOG_COMPILER_APPICON_NAME = AppIcon;
				ASSETCATALOG_COMPILER_GLOBAL_ACCENT_COLOR_NAME = AccentColor;
				CODE_SIGN_STYLE = Automatic;
				COMBINE_HIDPI_IMAGES = YES;
				CURRENT_PROJECT_VERSION = 1;
				ENABLE_APP_SANDBOX = YES;
				ENABLE_PREVIEWS = YES;
				ENABLE_USER_SELECTED_FILES = readonly;
				GENERATE_INFOPLIST_FILE = YES;
				INFOPLIST_KEY_NSHumanReadableCopyright = "";
				LD_RUNPATH_SEARCH_PATHS = (
					"$(inherited)",
					"@executable_path/../Frameworks",
				);
				MARKETING_VERSION = 1.0;
				PRODUCT_BUNDLE_IDENTIFIER = "iOS.maps-widget";
				PRODUCT_NAME = "$(TARGET_NAME)";
				REGISTER_APP_GROUPS = YES;
				STRING_CATALOG_GENERATE_SYMBOLS = YES;
				SWIFT_APPROACHABLE_CONCURRENCY = YES;
				SWIFT_DEFAULT_ACTOR_ISOLATION = MainActor;
				SWIFT_EMIT_LOC_STRINGS = YES;
				SWIFT_UPCOMING_FEATURE_MEMBER_IMPORT_VISIBILITY = YES;
				SWIFT_VERSION = 5.0;
			};
			name = Debug;
		};
		8C77ED102FDAB05B000DC23A /* Release */ = {
			isa = XCBuildConfiguration;
			buildSettings = {
				ASSETCATALOG_COMPILER_APPICON_NAME = AppIcon;
				ASSETCATALOG_COMPILER_GLOBAL_ACCENT_COLOR_NAME = AccentColor;
				CODE_SIGN_STYLE = Automatic;
				COMBINE_HIDPI_IMAGES = YES;
				CURRENT_PROJECT_VERSION = 1;
				ENABLE_APP_SANDBOX = YES;
				ENABLE_PREVIEWS = YES;
				ENABLE_USER_SELECTED_FILES = readonly;
				GENERATE_INFOPLIST_FILE = YES;
				INFOPLIST_KEY_NSHumanReadableCopyright = "";
				LD_RUNPATH_SEARCH_PATHS = (
					"$(inherited)",
					"@executable_path/../Frameworks",
				);
				MARKETING_VERSION = 1.0;
				PRODUCT_BUNDLE_IDENTIFIER = "iOS.maps-widget";
				PRODUCT_NAME = "$(TARGET_NAME)";
				REGISTER_APP_GROUPS = YES;
				STRING_CATALOG_GENERATE_SYMBOLS = YES;
				SWIFT_APPROACHABLE_CONCURRENCY = YES;
				SWIFT_DEFAULT_ACTOR_ISOLATION = MainActor;
				SWIFT_EMIT_LOC_STRINGS = YES;
				SWIFT_UPCOMING_FEATURE_MEMBER_IMPORT_VISIBILITY = YES;
				SWIFT_VERSION = 5.0;
			};
			name = Release;
		};
		8C77ED122FDAB05B000DC23A /* Debug */ = {
			isa = XCBuildConfiguration;
			buildSettings = {
				BUNDLE_LOADER = "$(TEST_HOST)";
				CODE_SIGN_STYLE = Automatic;
				CURRENT_PROJECT_VERSION = 1;
				GENERATE_INFOPLIST_FILE = YES;
				MACOSX_DEPLOYMENT_TARGET = 26.5;
				MARKETING_VERSION = 1.0;
				PRODUCT_BUNDLE_IDENTIFIER = "iOS.maps-widgetTests";
				PRODUCT_NAME = "$(TARGET_NAME)";
				STRING_CATALOG_GENERATE_SYMBOLS = NO;
				SWIFT_APPROACHABLE_CONCURRENCY = YES;
				SWIFT_EMIT_LOC_STRINGS = NO;
				SWIFT_UPCOMING_FEATURE_MEMBER_IMPORT_VISIBILITY = YES;
				SWIFT_VERSION = 5.0;
				TEST_HOST = "$(BUILT_PRODUCTS_DIR)/maps widget.app/$(BUNDLE_EXECUTABLE_FOLDER_PATH)/maps widget";
			};
			name = Debug;
		};
		8C77ED132FDAB05B000DC23A /* Release */ = {
			isa = XCBuildConfiguration;
			buildSettings = {
				BUNDLE_LOADER = "$(TEST_HOST)";
				CODE_SIGN_STYLE = Automatic;
				CURRENT_PROJECT_VERSION = 1;
				GENERATE_INFOPLIST_FILE = YES;
				MACOSX_DEPLOYMENT_TARGET = 26.5;
				MARKETING_VERSION = 1.0;
				PRODUCT_BUNDLE_IDENTIFIER = "iOS.maps-widgetTests";
				PRODUCT_NAME = "$(TARGET_NAME)";
				STRING_CATALOG_GENERATE_SYMBOLS = NO;
				SWIFT_APPROACHABLE_CONCURRENCY = YES;
				SWIFT_EMIT_LOC_STRINGS = NO;
				SWIFT_UPCOMING_FEATURE_MEMBER_IMPORT_VISIBILITY = YES;
				SWIFT_VERSION = 5.0;
				TEST_HOST = "$(BUILT_PRODUCTS_DIR)/maps widget.app/$(BUNDLE_EXECUTABLE_FOLDER_PATH)/maps widget";
			};
			name = Release;
		};
		8C77ED152FDAB05B000DC23A /* Debug */ = {
			isa = XCBuildConfiguration;
			buildSettings = {
				CODE_SIGN_STYLE = Automatic;
				CURRENT_PROJECT_VERSION = 1;
				GENERATE_INFOPLIST_FILE = YES;
				MARKETING_VERSION = 1.0;
				PRODUCT_BUNDLE_IDENTIFIER = "iOS.maps-widgetUITests";
				PRODUCT_NAME = "$(TARGET_NAME)";
				STRING_CATALOG_GENERATE_SYMBOLS = NO;
				SWIFT_APPROACHABLE_CONCURRENCY = YES;
				SWIFT_EMIT_LOC_STRINGS = NO;
				SWIFT_UPCOMING_FEATURE_MEMBER_IMPORT_VISIBILITY = YES;
				SWIFT_VERSION = 5.0;
				TEST_TARGET_NAME = "maps widget";
			};
			name = Debug;
		};
		8C77ED162FDAB05B000DC23A /* Release */ = {
			isa = XCBuildConfiguration;
			buildSettings = {
				CODE_SIGN_STYLE = Automatic;
				CURRENT_PROJECT_VERSION = 1;
				GENERATE_INFOPLIST_FILE = YES;
				MARKETING_VERSION = 1.0;
				PRODUCT_BUNDLE_IDENTIFIER = "iOS.maps-widgetUITests";
				PRODUCT_NAME = "$(TARGET_NAME)";
				STRING_CATALOG_GENERATE_SYMBOLS = NO;
				SWIFT_APPROACHABLE_CONCURRENCY = YES;
				SWIFT_EMIT_LOC_STRINGS = NO;
				SWIFT_UPCOMING_FEATURE_MEMBER_IMPORT_VISIBILITY = YES;
				SWIFT_VERSION = 5.0;
				TEST_TARGET_NAME = "maps widget";
			};
			name = Release;
		};
/* End XCBuildConfiguration section */

/* Begin XCConfigurationList section */
		8C77ECE82FDAB059000DC23A /* Build configuration list for PBXProject "maps widget" */ = {
			isa = XCConfigurationList;
			buildConfigurations = (
				8C77ED0C2FDAB05B000DC23A /* Debug */,
				8C77ED0D2FDAB05B000DC23A /* Release */,
			);
			defaultConfigurationIsVisible = 0;
			defaultConfigurationName = Release;
		};
		8C77ED0E2FDAB05B000DC23A /* Build configuration list for PBXNativeTarget "maps widget" */ = {
			isa = XCConfigurationList;
			buildConfigurations = (
				8C77ED0F2FDAB05B000DC23A /* Debug */,
				8C77ED102FDAB05B000DC23A /* Release */,
			);
			defaultConfigurationIsVisible = 0;
			defaultConfigurationName = Release;
		};
		8C77ED112FDAB05B000DC23A /* Build configuration list for PBXNativeTarget "maps widgetTests" */ = {
			isa = XCConfigurationList;
			buildConfigurations = (
				8C77ED122FDAB05B000DC23A /* Debug */,
				8C77ED132FDAB05B000DC23A /* Release */,
			);
			defaultConfigurationIsVisible = 0;
			defaultConfigurationName = Release;
		};
		8C77ED142FDAB05B000DC23A /* Build configuration list for PBXNativeTarget "maps widgetUITests" */ = {
			isa = XCConfigurationList;
			buildConfigurations = (
				8C77ED152FDAB05B000DC23A /* Debug */,
				8C77ED162FDAB05B000DC23A /* Release */,
			);
			defaultConfigurationIsVisible = 0;
			defaultConfigurationName = Release;
		};
/* End XCConfigurationList section */
	};
	rootObject = 8C77ECE52FDAB059000DC23A /* Project object */;
}
